
Microsoft Visual Studio Solution File, Format Version 12.00
# Visual Studio Version 17
VisualStudioVersion = 17.9.34723.18
MinimumVisualStudioVersion = 10.0.40219.1
Project("{FAE04EC0-301F-11D3-BF4B-00C04F79EFBC}") = "LabMid", "LabMid.csproj", "{FBAD4061-DEE9-4342-8249-752226EAECED}"
EndProject
Global
	GlobalSection(SolutionConfigurationPlatforms) = preSolution
		Debug|Any CPU = Debug|Any CPU
		Release|Any CPU = Release|Any CPU
	EndGlobalSection
	GlobalSection(ProjectConfigurationPlatforms) = postSolution
		{FBAD4061-DEE9-4342-8249-752226EAECED}.Debug|Any CPU.ActiveCfg = Debug|Any CPU
		{FBAD4061-DEE9-4342-8249-752226EAECED}.Debug|Any CPU.Build.0 = Debug|Any CPU
		{FBAD4061-DEE9-4342-8249-752226EAECED}.Release|Any CPU.ActiveCfg = Release|Any CPU
		{FBAD4061-DEE9-4342-8249-752226EAECED}.Release|Any CPU.Build.0 = Release|Any CPU
	EndGlobalSection
	GlobalSection(SolutionProperties) = preSolution
		HideSolutionNode = FALSE
	EndGlobalSection
	GlobalSection(ExtensibilityGlobals) = postSolution
		SolutionGuid = {D173618F-1DEE-41B2-909B-4FA9943565E8}
	EndGlobalSection
EndGlobal
